// !$*UTF8*$!
{
	archiveVersion = 1;
	classes = {
	};
	objectVersion = 60;
	objects = {

/* Begin PBXBuildFile section */
		10A000102A00000100000001 /* WealthFlowCenterApp.swift in Sources */ = {isa = PBXBuildFile; fileRef = 10A000202A00000100000001 /* WealthFlowCenterApp.swift */; };
		10A000112A00000100000001 /* ContentView.swift in Sources */ = {isa = PBXBuildFile; fileRef = 10A000212A00000100000001 /* ContentView.swift */; };
		10A000122A00000100000001 /* Models.swift in Sources */ = {isa = PBXBuildFile; fileRef = 10A000222A00000100000001 /* Models.swift */; };
		10A000132A00000100000001 /* StudyStore.swift in Sources */ = {isa = PBXBuildFile; fileRef = 10A000232A00000100000001 /* StudyStore.swift */; };
		10A000142A00000100000001 /* CalendarService.swift in Sources */ = {isa = PBXBuildFile; fileRef = 10A000242A00000100000001 /* CalendarService.swift */; };
		10A000152A00000100000001 /* NotificationService.swift in Sources */ = {isa = PBXBuildFile; fileRef = 10A000252A00000100000001 /* NotificationService.swift */; };
		10A000162A00000100000001 /* Assets.xcassets in Resources */ = {isa = PBXBuildFile; fileRef = 10A000262A00000100000001 /* Assets.xcassets */; };
/* End PBXBuildFile section */

/* Begin PBXFileReference section */
		10A000012A00000100000001 /* WealthFlowCenter.app */ = {isa = PBXFileReference; explicitFileType = wrapper.application; includeInIndex = 0; path = WealthFlowCenter.app; sourceTree = BUILT_PRODUCTS_DIR; };
		10A000202A00000100000001 /* WealthFlowCenterApp.swift */ = {isa = PBXFileReference; lastKnownFileType = sourcecode.swift; path = WealthFlowCenterApp.swift; sourceTree = "<group>"; };
		10A000212A00000100000001 /* ContentView.swift */ = {isa = PBXFileReference; lastKnownFileType = sourcecode.swift; path = ContentView.swift; sourceTree = "<group>"; };
		10A000222A00000100000001 /* Models.swift */ = {isa = PBXFileReference; lastKnownFileType = sourcecode.swift; path = Models.swift; sourceTree = "<group>"; };
		10A000232A00000100000001 /* StudyStore.swift */ = {isa = PBXFileReference; lastKnownFileType = sourcecode.swift; path = StudyStore.swift; sourceTree = "<group>"; };
		10A000242A00000100000001 /* CalendarService.swift */ = {isa = PBXFileReference; lastKnownFileType = sourcecode.swift; path = CalendarService.swift; sourceTree = "<group>"; };
		10A000252A00000100000001 /* NotificationService.swift */ = {isa = PBXFileReference; lastKnownFileType = sourcecode.swift; path = NotificationService.swift; sourceTree = "<group>"; };
		10A000262A00000100000001 /* Assets.xcassets */ = {isa = PBXFileReference; lastKnownFileType = folder.assetcatalog; path = Assets.xcassets; sourceTree = "<group>"; };
		10A000272A00000100000001 /* Info.plist */ = {isa = PBXFileReference; lastKnownFileType = text.plist.xml; path = Info.plist; sourceTree = "<group>"; };
/* End PBXFileReference section */

/* Begin PBXFrameworksBuildPhase section */
		10A000302A00000100000001 /* Frameworks */ = {
			isa = PBXFrameworksBuildPhase;
			buildActionMask = 2147483647;
			files = (
			);
			runOnlyForDeploymentPostprocessing = 0;
		};
/* End PBXFrameworksBuildPhase section */

/* Begin PBXGroup section */
		10A000402A00000100000001 = {
			isa = PBXGroup;
			children = (
				10A000412A00000100000001 /* WealthFlowCenter */,
				10A000422A00000100000001 /* Products */,
			);
			sourceTree = "<group>";
		};
		10A000412A00000100000001 /* WealthFlowCenter */ = {
			isa = PBXGroup;
			children = (
				10A000202A00000100000001 /* WealthFlowCenterApp.swift */,
				10A000212A00000100000001 /* ContentView.swift */,
				10A000222A00000100000001 /* Models.swift */,
				10A000232A00000100000001 /* StudyStore.swift */,
				10A000242A00000100000001 /* CalendarService.swift */,
				10A000252A00000100000001 /* NotificationService.swift */,
				10A000262A00000100000001 /* Assets.xcassets */,
				10A000272A00000100000001 /* Info.plist */,
			);
			path = WealthFlowCenter;
			sourceTree = "<group>";
		};
		10A000422A00000100000001 /* Products */ = {
			isa = PBXGroup;
			children = (
				10A000012A00000100000001 /* WealthFlowCenter.app */,
			);
			name = Products;
			sourceTree = "<group>";
		};
/* End PBXGroup section */

/* Begin PBXNativeTarget section */
		10A000502A00000100000001 /* WealthFlowCenter */ = {
			isa = PBXNativeTarget;
			buildConfigurationList = 10A000802A00000100000001 /* Build configuration list for PBXNativeTarget "WealthFlowCenter" */;
			buildPhases = (
				10A000602A00000100000001 /* Sources */,
				10A000302A00000100000001 /* Frameworks */,
				10A000612A00000100000001 /* Resources */,
			);
			buildRules = (
			);
			dependencies = (
			);
			name = WealthFlowCenter;
			productName = WealthFlowCenter;
			productReference = 10A000012A00000100000001 /* WealthFlowCenter.app */;
			productType = "com.apple.product-type.application";
		};
/* End PBXNativeTarget section */

/* Begin PBXProject section */
		10A000702A00000100000001 /* Project object */ = {
			isa = PBXProject;
			attributes = {
				BuildIndependentTargetsInParallel = 1;
				LastSwiftUpdateCheck = 1600;
				LastUpgradeCheck = 1600;
				TargetAttributes = {
					10A000502A00000100000001 = {
						CreatedOnToolsVersion = 16.0;
					};
				};
			};
			buildConfigurationList = 10A000712A00000100000001 /* Build configuration list for PBXProject "WealthFlowCenter" */;
			compatibilityVersion = "Xcode 15.0";
			developmentRegion = zh-Hans;
			hasScannedForEncodings = 0;
			knownRegions = (
				zh-Hans,
				en,
				Base,
			);
			mainGroup = 10A000402A00000100000001;
			productRefGroup = 10A000422A00000100000001 /* Products */;
			projectDirPath = "";
			projectRoot = "";
			targets = (
				10A000502A00000100000001 /* WealthFlowCenter */,
			);
		};
/* End PBXProject section */

/* Begin PBXResourcesBuildPhase section */
		10A000612A00000100000001 /* Resources */ = {
			isa = PBXResourcesBuildPhase;
			buildActionMask = 2147483647;
			files = (
				10A000162A00000100000001 /* Assets.xcassets in Resources */,
			);
			runOnlyForDeploymentPostprocessing = 0;
		};
/* End PBXResourcesBuildPhase section */

/* Begin PBXSourcesBuildPhase section */
		10A000602A00000100000001 /* Sources */ = {
			isa = PBXSourcesBuildPhase;
			buildActionMask = 2147483647;
			files = (
				10A000102A00000100000001 /* WealthFlowCenterApp.swift in Sources */,
				10A000112A00000100000001 /* ContentView.swift in Sources */,
				10A000122A00000100000001 /* Models.swift in Sources */,
				10A000132A00000100000001 /* StudyStore.swift in Sources */,
				10A000142A00000100000001 /* CalendarService.swift in Sources */,
				10A000152A00000100000001 /* NotificationService.swift in Sources */,
			);
			runOnlyForDeploymentPostprocessing = 0;
		};
/* End PBXSourcesBuildPhase section */

/* Begin XCBuildConfiguration section */
		10A000902A00000100000001 /* Debug */ = {
			isa = XCBuildConfiguration;
			buildSettings = {
				ALWAYS_SEARCH_USER_PATHS = NO;
				CLANG_ANALYZER_NONNULL = YES;
				CLANG_ANALYZER_NUMBER_OBJECT_CONVERSION = YES_AGGRESSIVE;
				CLANG_CXX_LANGUAGE_STANDARD = "gnu++20";
				CLANG_ENABLE_MODULES = YES;
				CLANG_ENABLE_OBJC_ARC = YES;
				CLANG_ENABLE_OBJC_WEAK = YES;
				CLANG_WARN_BLOCK_CAPTURE_AUTORELEASING = YES;
				CLANG_WARN_BOOL_CONVERSION = YES;
				CLANG_WARN_COMMA = YES;
				CLANG_WARN_CONSTANT_CONVERSION = YES;
				CLANG_WARN_DEPRECATED_OBJC_IMPLEMENTATIONS = YES;
				CLANG_WARN_DIRECT_OBJC_ISA_USAGE = YES_ERROR;
				CLANG_WARN_DOCUMENTATION_COMMENTS = YES;
				CLANG_WARN_EMPTY_BODY = YES;
				CLANG_WARN_ENUM_CONVERSION = YES;
				CLANG_WARN_INFINITE_RECURSION = YES;
				CLANG_WARN_INT_CONVERSION = YES;
				CLANG_WARN_NON_LITERAL_NULL_CONVERSION = YES;
				CLANG_WARN_OBJC_IMPLICIT_RETAIN_SELF = YES;
				CLANG_WARN_OBJC_LITERAL_CONVERSION = YES;
				CLANG_WARN_OBJC_ROOT_CLASS = YES_ERROR;
				CLANG_WARN_QUOTED_INCLUDE_IN_FRAMEWORK_HEADER = YES;
				CLANG_WARN_RANGE_LOOP_ANALYSIS = YES;
				CLANG_WARN_STRICT_PROTOTYPES = YES;
				CLANG_WARN_SUSPICIOUS_MOVE = YES;
				CLANG_WARN_UNGUARDED_AVAILABILITY = YES_AGGRESSIVE;
				CLANG_WARN_UNREACHABLE_CODE = YES;
				CLANG_WARN__DUPLICATE_METHOD_MATCH = YES;
				COPY_PHASE_STRIP = NO;
				DEBUG_INFORMATION_FORMAT = dwarf;
				ENABLE_STRICT_OBJC_MSGSEND = YES;
				ENABLE_TESTABILITY = YES;
				ENABLE_USER_SCRIPT_SANDBOXING = YES;
				GCC_C_LANGUAGE_STANDARD = gnu17;
				GCC_DYNAMIC_NO_PIC = NO;
				GCC_NO_COMMON_BLOCKS = YES;
				GCC_OPTIMIZATION_LEVEL = 0;
				GCC_PREPROCESSOR_DEFINITIONS = (
					"DEBUG=1",
					"$(inherited)",
				);
				GCC_WARN_64_TO_32_BIT_CONVERSION = YES;
				GCC_WARN_ABOUT_RETURN_TYPE = YES_ERROR;
				GCC_WARN_UNDECLARED_SELECTOR = YES;
				GCC_WARN_UNINITIALIZED_AUTOS = YES_AGGRESSIVE;
				GCC_WARN_UNUSED_FUNCTION = YES;
				GCC_WARN_UNUSED_VARIABLE = YES;
				IPHONEOS_DEPLOYMENT_TARGET = 16.0;
				MTL_ENABLE_DEBUG_INFO = INCLUDE_SOURCE;
				MTL_FAST_MATH = YES;
				ONLY_ACTIVE_ARCH = YES;
				SDKROOT = iphoneos;
				SWIFT_ACTIVE_COMPILATION_CONDITIONS = DEBUG;
				SWIFT_OPTIMIZATION_LEVEL = "-Onone";
			};
			name = Debug;
		};
		10A000912A00000100000001 /* Release */ = {
			isa = XCBuildConfiguration;
			buildSettings = {
				ALWAYS_SEARCH_USER_PATHS = NO;
				CLANG_ANALYZER_NONNULL = YES;
				CLANG_ANALYZER_NUMBER_OBJECT_CONVERSION = YES_AGGRESSIVE;
				CLANG_CXX_LANGUAGE_STANDARD = "gnu++20";
				CLANG_ENABLE_MODULES = YES;
				CLANG_ENABLE_OBJC_ARC = YES;
				CLANG_ENABLE_OBJC_WEAK = YES;
				CLANG_WARN_BLOCK_CAPTURE_AUTORELEASING = YES;
				CLANG_WARN_BOOL_CONVERSION = YES;
				CLANG_WARN_COMMA = YES;
				CLANG_WARN_CONSTANT_CONVERSION = YES;
				CLANG_WARN_DEPRECATED_OBJC_IMPLEMENTATIONS = YES;
				CLANG_WARN_DIRECT_OBJC_ISA_USAGE = YES_ERROR;
				CLANG_WARN_DOCUMENTATION_COMMENTS = YES;
				CLANG_WARN_EMPTY_BODY = YES;
				CLANG_WARN_ENUM_CONVERSION = YES;
				CLANG_WARN_INFINITE_RECURSION = YES;
				CLANG_WARN_INT_CONVERSION = YES;
				CLANG_WARN_NON_LITERAL_NULL_CONVERSION = YES;
				CLANG_WARN_OBJC_IMPLICIT_RETAIN_SELF = YES;
				CLANG_WARN_OBJC_LITERAL_CONVERSION = YES;
				CLANG_WARN_OBJC_ROOT_CLASS = YES_ERROR;
				CLANG_WARN_QUOTED_INCLUDE_IN_FRAMEWORK_HEADER = YES;
				CLANG_WARN_RANGE_LOOP_ANALYSIS = YES;
				CLANG_WARN_STRICT_PROTOTYPES = YES;
				CLANG_WARN_SUSPICIOUS_MOVE = YES;
				CLANG_WARN_UNGUARDED_AVAILABILITY = YES_AGGRESSIVE;
				CLANG_WARN_UNREACHABLE_CODE = YES;
				CLANG_WARN__DUPLICATE_METHOD_MATCH = YES;
				COPY_PHASE_STRIP = NO;
				DEBUG_INFORMATION_FORMAT = "dwarf-with-dsym";
				ENABLE_NS_ASSERTIONS = NO;
				ENABLE_STRICT_OBJC_MSGSEND = YES;
				ENABLE_USER_SCRIPT_SANDBOXING = YES;
				GCC_C_LANGUAGE_STANDARD = gnu17;
				GCC_NO_COMMON_BLOCKS = YES;
				GCC_WARN_64_TO_32_BIT_CONVERSION = YES;
				GCC_WARN_ABOUT_RETURN_TYPE = YES_ERROR;
				GCC_WARN_UNDECLARED_SELECTOR = YES;
				GCC_WARN_UNINITIALIZED_AUTOS = YES_AGGRESSIVE;
				GCC_WARN_UNUSED_FUNCTION = YES;
				GCC_WARN_UNUSED_VARIABLE = YES;
				IPHONEOS_DEPLOYMENT_TARGET = 16.0;
				MTL_ENABLE_DEBUG_INFO = NO;
				MTL_FAST_MATH = YES;
				SDKROOT = iphoneos;
				SWIFT_COMPILATION_MODE = wholemodule;
				VALIDATE_PRODUCT = YES;
			};
			name = Release;
		};
		10A000A02A00000100000001 /* Debug */ = {
			isa = XCBuildConfiguration;
			buildSettings = {
				ASSETCATALOG_COMPILER_ACCENT_COLOR_NAME = AccentColor;
				ASSETCATALOG_COMPILER_APPICON_NAME = AppIcon;
				CODE_SIGN_STYLE = Automatic;
				CURRENT_PROJECT_VERSION = 1;
				DEVELOPMENT_ASSET_PATHS = "";
				DEVELOPMENT_TEAM = "";
				ENABLE_PREVIEWS = YES;
				GENERATE_INFOPLIST_FILE = NO;
				INFOPLIST_FILE = WealthFlowCenter/Info.plist;
				INFOPLIST_KEY_UIApplicationSceneManifest_Generation = YES;
				INFOPLIST_KEY_UIApplicationSupportsIndirectInputEvents = YES;
				MARKETING_VERSION = 1.0;
				PRODUCT_BUNDLE_IDENTIFIER = com.mountion.wealthflowcenter;
				PRODUCT_NAME = "$(TARGET_NAME)";
				SWIFT_EMIT_LOC_STRINGS = YES;
				SWIFT_VERSION = 5.0;
				TARGETED_DEVICE_FAMILY = "1,2";
			};
			name = Debug;
		};
		10A000A12A00000100000001 /* Release */ = {
			isa = XCBuildConfiguration;
			buildSettings = {
				ASSETCATALOG_COMPILER_ACCENT_COLOR_NAME = AccentColor;
				ASSETCATALOG_COMPILER_APPICON_NAME = AppIcon;
				CODE_SIGN_STYLE = Automatic;
				CURRENT_PROJECT_VERSION = 1;
				DEVELOPMENT_ASSET_PATHS = "";
				DEVELOPMENT_TEAM = "";
				ENABLE_PREVIEWS = YES;
				GENERATE_INFOPLIST_FILE = NO;
				INFOPLIST_FILE = WealthFlowCenter/Info.plist;
				INFOPLIST_KEY_UIApplicationSceneManifest_Generation = YES;
				INFOPLIST_KEY_UIApplicationSupportsIndirectInputEvents = YES;
				MARKETING_VERSION = 1.0;
				PRODUCT_BUNDLE_IDENTIFIER = com.mountion.wealthflowcenter;
				PRODUCT_NAME = "$(TARGET_NAME)";
				SWIFT_EMIT_LOC_STRINGS = YES;
				SWIFT_VERSION = 5.0;
				TARGETED_DEVICE_FAMILY = "1,2";
				VALIDATE_PRODUCT = YES;
			};
			name = Release;
		};
/* End XCBuildConfiguration section */

/* Begin XCConfigurationList section */
		10A000712A00000100000001 /* Build configuration list for PBXProject "WealthFlowCenter" */ = {
			isa = XCConfigurationList;
			buildConfigurations = (
				10A000902A00000100000001 /* Debug */,
				10A000912A00000100000001 /* Release */,
			);
			defaultConfigurationIsVisible = 0;
			defaultConfigurationName = Release;
		};
		10A000802A00000100000001 /* Build configuration list for PBXNativeTarget "WealthFlowCenter" */ = {
			isa = XCConfigurationList;
			buildConfigurations = (
				10A000A02A00000100000001 /* Debug */,
				10A000A12A00000100000001 /* Release */,
			);
			defaultConfigurationIsVisible = 0;
			defaultConfigurationName = Release;
		};
/* End XCConfigurationList section */
	};
	rootObject = 10A000702A00000100000001 /* Project object */;
}
